
Microsoft Visual Studio Solution File, Format Version 12.00
# Visual Studio 2013
VisualStudioVersion = 12.0.30501.0
MinimumVisualStudioVersion = 10.0.40219.1
Project("{FAE04EC0-301F-11D3-BF4B-00C04F79EFBC}") = "investhack", "investhack\investhack.csproj", "{C8FCA4E8-5E5B-4B79-95A9-A74383823FEC}"
EndProject
Project("{2150E333-8FDC-42A3-9474-1A3956D46DE8}") = ".nuget", ".nuget", "{0C64A03D-B10A-4175-84CB-67DE4FDBF789}"
	ProjectSection(SolutionItems) = preProject
		.nuget\NuGet.Config = .nuget\NuGet.Config
		.nuget\NuGet.exe = .nuget\NuGet.exe
		.nuget\NuGet.targets = .nuget\NuGet.targets
	EndProjectSection
EndProject
Project("{FAE04EC0-301F-11D3-BF4B-00C04F79EFBC}") = "InvestHackTestClient", "InvestHackTestClient\InvestHackTestClient.csproj", "{62D14D2B-EBD8-4452-AAAD-3D04BE3F566E}"
EndProject
Project("{2150E333-8FDC-42A3-9474-1A3956D46DE8}") = "PublishScripts", "PublishScripts", "{8ACE66D6-D839-44C0-A23F-F595A9DDB19B}"
	ProjectSection(SolutionItems) = preProject
		PublishScripts\AzureWebsitePublishModule.psm1 = PublishScripts\AzureWebsitePublishModule.psm1
		PublishScripts\Publish-WebApplicationWebsite.ps1 = PublishScripts\Publish-WebApplicationWebsite.ps1
	EndProjectSection
EndProject
Project("{2150E333-8FDC-42A3-9474-1A3956D46DE8}") = "Configurations", "Configurations", "{A223656C-E042-427C-B9BB-544473765A28}"
	ProjectSection(SolutionItems) = preProject
		PublishScripts\Configurations\InvestHackWeb-WAWS-dev.json = PublishScripts\Configurations\InvestHackWeb-WAWS-dev.json
	EndProjectSection
EndProject
Project("{FAE04EC0-301F-11D3-BF4B-00C04F79EFBC}") = "InvestHackWeb", "InvestHackWeb\InvestHackWeb.csproj", "{EC7BF9A3-443C-471F-A536-E14162484022}"
EndProject
Global
	GlobalSection(SolutionConfigurationPlatforms) = preSolution
		Debug|Any CPU = Debug|Any CPU
		Debug|ARM = Debug|ARM
		Debug|x64 = Debug|x64
		Debug|x86 = Debug|x86
		Release|Any CPU = Release|Any CPU
		Release|ARM = Release|ARM
		Release|x64 = Release|x64
		Release|x86 = Release|x86
	EndGlobalSection
	GlobalSection(ProjectConfigurationPlatforms) = postSolution
		{C8FCA4E8-5E5B-4B79-95A9-A74383823FEC}.Debug|Any CPU.ActiveCfg = Debug|Any CPU
		{C8FCA4E8-5E5B-4B79-95A9-A74383823FEC}.Debug|Any CPU.Build.0 = Debug|Any CPU
		{C8FCA4E8-5E5B-4B79-95A9-A74383823FEC}.Debug|Any CPU.Deploy.0 = Debug|Any CPU
		{C8FCA4E8-5E5B-4B79-95A9-A74383823FEC}.Debug|ARM.ActiveCfg = Debug|ARM
		{C8FCA4E8-5E5B-4B79-95A9-A74383823FEC}.Debug|ARM.Build.0 = Debug|ARM
		{C8FCA4E8-5E5B-4B79-95A9-A74383823FEC}.Debug|ARM.Deploy.0 = Debug|ARM
		{C8FCA4E8-5E5B-4B79-95A9-A74383823FEC}.Debug|x64.ActiveCfg = Debug|x64
		{C8FCA4E8-5E5B-4B79-95A9-A74383823FEC}.Debug|x64.Build.0 = Debug|x64
		{C8FCA4E8-5E5B-4B79-95A9-A74383823FEC}.Debug|x64.Deploy.0 = Debug|x64
		{C8FCA4E8-5E5B-4B79-95A9-A74383823FEC}.Debug|x86.ActiveCfg = Debug|x86
		{C8FCA4E8-5E5B-4B79-95A9-A74383823FEC}.Debug|x86.Build.0 = Debug|x86
		{C8FCA4E8-5E5B-4B79-95A9-A74383823FEC}.Debug|x86.Deploy.0 = Debug|x86
		{C8FCA4E8-5E5B-4B79-95A9-A74383823FEC}.Release|Any CPU.ActiveCfg = Release|Any CPU
		{C8FCA4E8-5E5B-4B79-95A9-A74383823FEC}.Release|Any CPU.Build.0 = Release|Any CPU
		{C8FCA4E8-5E5B-4B79-95A9-A74383823FEC}.Release|Any CPU.Deploy.0 = Release|Any CPU
		{C8FCA4E8-5E5B-4B79-95A9-A74383823FEC}.Release|ARM.ActiveCfg = Release|ARM
		{C8FCA4E8-5E5B-4B79-95A9-A74383823FEC}.Release|ARM.Build.0 = Release|ARM
		{C8FCA4E8-5E5B-4B79-95A9-A74383823FEC}.Release|ARM.Deploy.0 = Release|ARM
		{C8FCA4E8-5E5B-4B79-95A9-A74383823FEC}.Release|x64.ActiveCfg = Release|x64
		{C8FCA4E8-5E5B-4B79-95A9-A74383823FEC}.Release|x64.Build.0 = Release|x64
		{C8FCA4E8-5E5B-4B79-95A9-A74383823FEC}.Release|x64.Deploy.0 = Release|x64
		{C8FCA4E8-5E5B-4B79-95A9-A74383823FEC}.Release|x86.ActiveCfg = Release|x86
		{C8FCA4E8-5E5B-4B79-95A9-A74383823FEC}.Release|x86.Build.0 = Release|x86
		{C8FCA4E8-5E5B-4B79-95A9-A74383823FEC}.Release|x86.Deploy.0 = Release|x86
		{62D14D2B-EBD8-4452-AAAD-3D04BE3F566E}.Debug|Any CPU.ActiveCfg = Debug|Any CPU
		{62D14D2B-EBD8-4452-AAAD-3D04BE3F566E}.Debug|Any CPU.Build.0 = Debug|Any CPU
		{62D14D2B-EBD8-4452-AAAD-3D04BE3F566E}.Debug|ARM.ActiveCfg = Debug|Any CPU
		{62D14D2B-EBD8-4452-AAAD-3D04BE3F566E}.Debug|x64.ActiveCfg = Debug|Any CPU
		{62D14D2B-EBD8-4452-AAAD-3D04BE3F566E}.Debug|x86.ActiveCfg = Debug|Any CPU
		{62D14D2B-EBD8-4452-AAAD-3D04BE3F566E}.Release|Any CPU.ActiveCfg = Release|Any CPU
		{62D14D2B-EBD8-4452-AAAD-3D04BE3F566E}.Release|Any CPU.Build.0 = Release|Any CPU
		{62D14D2B-EBD8-4452-AAAD-3D04BE3F566E}.Release|ARM.ActiveCfg = Release|Any CPU
		{62D14D2B-EBD8-4452-AAAD-3D04BE3F566E}.Release|x64.ActiveCfg = Release|Any CPU
		{62D14D2B-EBD8-4452-AAAD-3D04BE3F566E}.Release|x86.ActiveCfg = Release|Any CPU
		{EC7BF9A3-443C-471F-A536-E14162484022}.Debug|Any CPU.ActiveCfg = Debug|Any CPU
		{EC7BF9A3-443C-471F-A536-E14162484022}.Debug|Any CPU.Build.0 = Debug|Any CPU
		{EC7BF9A3-443C-471F-A536-E14162484022}.Debug|ARM.ActiveCfg = Debug|Any CPU
		{EC7BF9A3-443C-471F-A536-E14162484022}.Debug|x64.ActiveCfg = Debug|Any CPU
		{EC7BF9A3-443C-471F-A536-E14162484022}.Debug|x86.ActiveCfg = Debug|Any CPU
		{EC7BF9A3-443C-471F-A536-E14162484022}.Release|Any CPU.ActiveCfg = Release|Any CPU
		{EC7BF9A3-443C-471F-A536-E14162484022}.Release|Any CPU.Build.0 = Release|Any CPU
		{EC7BF9A3-443C-471F-A536-E14162484022}.Release|ARM.ActiveCfg = Release|Any CPU
		{EC7BF9A3-443C-471F-A536-E14162484022}.Release|x64.ActiveCfg = Release|Any CPU
		{EC7BF9A3-443C-471F-A536-E14162484022}.Release|x86.ActiveCfg = Release|Any CPU
	EndGlobalSection
	GlobalSection(SolutionProperties) = preSolution
		HideSolutionNode = FALSE
	EndGlobalSection
	GlobalSection(NestedProjects) = preSolution
		{A223656C-E042-427C-B9BB-544473765A28} = {8ACE66D6-D839-44C0-A23F-F595A9DDB19B}
	EndGlobalSection
EndGlobal
